// !$*UTF8*$!
{
	archiveVersion = 1;
	classes = {
	};
	objectVersion = 52;
	objects = {

/* Begin PBXBuildFile section */
		2F589C7D25EBB85500E4A4B0 /* testimiTestit.swift in Sources */ = {isa = PBXBuildFile; fileRef = 2F589C7C25EBB85500E4A4B0 /* testimiTestit.swift */; };
		2FD7C57826054AF500634FF4 /* Realm in Frameworks */ = {isa = PBXBuildFile; productRef = 2FD7C57726054AF500634FF4 /* Realm */; };
		2FD7C57A26054AF500634FF4 /* RealmSwift in Frameworks */ = {isa = PBXBuildFile; productRef = 2FD7C57926054AF500634FF4 /* RealmSwift */; };
		2FFD931F25F2C913001619E2 /* extraView.swift in Sources */ = {isa = PBXBuildFile; fileRef = 2FFD931E25F2C913001619E2 /* extraView.swift */; };
		927BA01E25D53A4300787649 /* Kingfisher in Frameworks */ = {isa = PBXBuildFile; productRef = 927BA01D25D53A4300787649 /* Kingfisher */; };
		CE452F7A25A4C97700124BD2 /* amarildoBanakieriApp.swift in Sources */ = {isa = PBXBuildFile; fileRef = CE452F7925A4C97700124BD2 /* amarildoBanakieriApp.swift */; };
		CE452F7E25A4C97A00124BD2 /* Assets.xcassets in Resources */ = {isa = PBXBuildFile; fileRef = CE452F7D25A4C97A00124BD2 /* Assets.xcassets */; };
		CE452F8125A4C97A00124BD2 /* Preview Assets.xcassets in Resources */ = {isa = PBXBuildFile; fileRef = CE452F8025A4C97A00124BD2 /* Preview Assets.xcassets */; };
		CE452FB525A4DAEA00124BD2 /* AppView.swift in Sources */ = {isa = PBXBuildFile; fileRef = CE452FB425A4DAEA00124BD2 /* AppView.swift */; };
		CE452FB825A4DBB900124BD2 /* shopView.swift in Sources */ = {isa = PBXBuildFile; fileRef = CE452FB725A4DBB900124BD2 /* shopView.swift */; };
		CE452FBC25A4DBE400124BD2 /* discoverView.swift in Sources */ = {isa = PBXBuildFile; fileRef = CE452FBB25A4DBE400124BD2 /* discoverView.swift */; };
		CE452FC325A4DC1600124BD2 /* searchView.swift in Sources */ = {isa = PBXBuildFile; fileRef = CE452FC225A4DC1600124BD2 /* searchView.swift */; };
		CE55821625ACC5C2008F8D9C /* NetworkManager.swift in Sources */ = {isa = PBXBuildFile; fileRef = CE55821525ACC5C2008F8D9C /* NetworkManager.swift */; };
		CE55821A25ACC827008F8D9C /* PostData.swift in Sources */ = {isa = PBXBuildFile; fileRef = CE55821925ACC827008F8D9C /* PostData.swift */; };
/* End PBXBuildFile section */

/* Begin PBXFileReference section */
		2F589C7C25EBB85500E4A4B0 /* testimiTestit.swift */ = {isa = PBXFileReference; lastKnownFileType = sourcecode.swift; path = testimiTestit.swift; sourceTree = "<group>"; };
		2FFD931E25F2C913001619E2 /* extraView.swift */ = {isa = PBXFileReference; lastKnownFileType = sourcecode.swift; path = extraView.swift; sourceTree = "<group>"; };
		CE452F7625A4C97700124BD2 /* amarildoBanakieri.app */ = {isa = PBXFileReference; explicitFileType = wrapper.application; includeInIndex = 0; path = amarildoBanakieri.app; sourceTree = BUILT_PRODUCTS_DIR; };
		CE452F7925A4C97700124BD2 /* amarildoBanakieriApp.swift */ = {isa = PBXFileReference; lastKnownFileType = sourcecode.swift; path = amarildoBanakieriApp.swift; sourceTree = "<group>"; };
		CE452F7D25A4C97A00124BD2 /* Assets.xcassets */ = {isa = PBXFileReference; lastKnownFileType = folder.assetcatalog; path = Assets.xcassets; sourceTree = "<group>"; };
		CE452F8025A4C97A00124BD2 /* Preview Assets.xcassets */ = {isa = PBXFileReference; lastKnownFileType = folder.assetcatalog; path = "Preview Assets.xcassets"; sourceTree = "<group>"; };
		CE452F8225A4C97A00124BD2 /* Info.plist */ = {isa = PBXFileReference; lastKnownFileType = text.plist.xml; path = Info.plist; sourceTree = "<group>"; };
		CE452FB425A4DAEA00124BD2 /* AppView.swift */ = {isa = PBXFileReference; lastKnownFileType = sourcecode.swift; path = AppView.swift; sourceTree = "<group>"; };
		CE452FB725A4DBB900124BD2 /* shopView.swift */ = {isa = PBXFileReference; lastKnownFileType = sourcecode.swift; path = shopView.swift; sourceTree = "<group>"; };
		CE452FBB25A4DBE400124BD2 /* discoverView.swift */ = {isa = PBXFileReference; lastKnownFileType = sourcecode.swift; path = discoverView.swift; sourceTree = "<group>"; };
		CE452FC225A4DC1600124BD2 /* searchView.swift */ = {isa = PBXFileReference; lastKnownFileType = sourcecode.swift; path = searchView.swift; sourceTree = "<group>"; };
		CE55821525ACC5C2008F8D9C /* NetworkManager.swift */ = {isa = PBXFileReference; lastKnownFileType = sourcecode.swift; path = NetworkManager.swift; sourceTree = "<group>"; };
		CE55821925ACC827008F8D9C /* PostData.swift */ = {isa = PBXFileReference; lastKnownFileType = sourcecode.swift; path = PostData.swift; sourceTree = "<group>"; };
/* End PBXFileReference section */

/* Begin PBXFrameworksBuildPhase section */
		CE452F7325A4C97700124BD2 /* Frameworks */ = {
			isa = PBXFrameworksBuildPhase;
			buildActionMask = 2147483647;
			files = (
				2FD7C57A26054AF500634FF4 /* RealmSwift in Frameworks */,
				2FD7C57826054AF500634FF4 /* Realm in Frameworks */,
				927BA01E25D53A4300787649 /* Kingfisher in Frameworks */,
			);
			runOnlyForDeploymentPostprocessing = 0;
		};
/* End PBXFrameworksBuildPhase section */

/* Begin PBXGroup section */
		CE452F6D25A4C97700124BD2 = {
			isa = PBXGroup;
			children = (
				CE452F7825A4C97700124BD2 /* amarildoBanakieri */,
				CE452F7725A4C97700124BD2 /* Products */,
			);
			sourceTree = "<group>";
		};
		CE452F7725A4C97700124BD2 /* Products */ = {
			isa = PBXGroup;
			children = (
				CE452F7625A4C97700124BD2 /* amarildoBanakieri.app */,
			);
			name = Products;
			sourceTree = "<group>";
		};
		CE452F7825A4C97700124BD2 /* amarildoBanakieri */ = {
			isa = PBXGroup;
			children = (
				CE452FBA25A4DBC100124BD2 /* Tabs */,
				CE452F7925A4C97700124BD2 /* amarildoBanakieriApp.swift */,
				CE55821825ACC7FE008F8D9C /* Models */,
				CE452FB425A4DAEA00124BD2 /* AppView.swift */,
				CE452F7D25A4C97A00124BD2 /* Assets.xcassets */,
				CE452F8225A4C97A00124BD2 /* Info.plist */,
				CE452F7F25A4C97A00124BD2 /* Preview Content */,
			);
			path = amarildoBanakieri;
			sourceTree = "<group>";
		};
		CE452F7F25A4C97A00124BD2 /* Preview Content */ = {
			isa = PBXGroup;
			children = (
				CE452F8025A4C97A00124BD2 /* Preview Assets.xcassets */,
			);
			path = "Preview Content";
			sourceTree = "<group>";
		};
		CE452FBA25A4DBC100124BD2 /* Tabs */ = {
			isa = PBXGroup;
			children = (
				CE452FBB25A4DBE400124BD2 /* discoverView.swift */,
				CE452FB725A4DBB900124BD2 /* shopView.swift */,
				CE452FC225A4DC1600124BD2 /* searchView.swift */,
				2FFD931E25F2C913001619E2 /* extraView.swift */,
			);
			path = Tabs;
			sourceTree = "<group>";
		};
		CE55821825ACC7FE008F8D9C /* Models */ = {
			isa = PBXGroup;
			children = (
				CE55821525ACC5C2008F8D9C /* NetworkManager.swift */,
				CE55821925ACC827008F8D9C /* PostData.swift */,
				2F589C7C25EBB85500E4A4B0 /* testimiTestit.swift */,
			);
			path = Models;
			sourceTree = "<group>";
		};
/* End PBXGroup section */

/* Begin PBXNativeTarget section */
		CE452F7525A4C97700124BD2 /* amarildoBanakieri */ = {
			isa = PBXNativeTarget;
			buildConfigurationList = CE452F8525A4C97A00124BD2 /* Build configuration list for PBXNativeTarget "amarildoBanakieri" */;
			buildPhases = (
				CE452F7225A4C97700124BD2 /* Sources */,
				CE452F7325A4C97700124BD2 /* Frameworks */,
				CE452F7425A4C97700124BD2 /* Resources */,
			);
			buildRules = (
			);
			dependencies = (
			);
			name = amarildoBanakieri;
			packageProductDependencies = (
				927BA01D25D53A4300787649 /* Kingfisher */,
				2FD7C57726054AF500634FF4 /* Realm */,
				2FD7C57926054AF500634FF4 /* RealmSwift */,
			);
			productName = amarildoBanakieri;
			productReference = CE452F7625A4C97700124BD2 /* amarildoBanakieri.app */;
			productType = "com.apple.product-type.application";
		};
/* End PBXNativeTarget section */

/* Begin PBXProject section */
		CE452F6E25A4C97700124BD2 /* Project object */ = {
			isa = PBXProject;
			attributes = {
				LastSwiftUpdateCheck = 1220;
				LastUpgradeCheck = 1220;
				TargetAttributes = {
					CE452F7525A4C97700124BD2 = {
						CreatedOnToolsVersion = 12.2;
					};
				};
			};
			buildConfigurationList = CE452F7125A4C97700124BD2 /* Build configuration list for PBXProject "amarildoBanakieri" */;
			compatibilityVersion = "Xcode 9.3";
			developmentRegion = en;
			hasScannedForEncodings = 0;
			knownRegions = (
				en,
				Base,
			);
			mainGroup = CE452F6D25A4C97700124BD2;
			packageReferences = (
				CE55821125ACBD48008F8D9C /* XCRemoteSwiftPackageReference "Alamofire" */,
				927BA01C25D53A4300787649 /* XCRemoteSwiftPackageReference "Kingfisher" */,
				2FD7C57626054AF500634FF4 /* XCRemoteSwiftPackageReference "realm-cocoa" */,
			);
			productRefGroup = CE452F7725A4C97700124BD2 /* Products */;
			projectDirPath = "";
			projectRoot = "";
			targets = (
				CE452F7525A4C97700124BD2 /* amarildoBanakieri */,
			);
		};
/* End PBXProject section */

/* Begin PBXResourcesBuildPhase section */
		CE452F7425A4C97700124BD2 /* Resources */ = {
			isa = PBXResourcesBuildPhase;
			buildActionMask = 2147483647;
			files = (
				CE452F8125A4C97A00124BD2 /* Preview Assets.xcassets in Resources */,
				CE452F7E25A4C97A00124BD2 /* Assets.xcassets in Resources */,
			);
			runOnlyForDeploymentPostprocessing = 0;
		};
/* End PBXResourcesBuildPhase section */

/* Begin PBXSourcesBuildPhase section */
		CE452F7225A4C97700124BD2 /* Sources */ = {
			isa = PBXSourcesBuildPhase;
			buildActionMask = 2147483647;
			files = (
				CE452FC325A4DC1600124BD2 /* searchView.swift in Sources */,
				CE55821A25ACC827008F8D9C /* PostData.swift in Sources */,
				CE452F7A25A4C97700124BD2 /* amarildoBanakieriApp.swift in Sources */,
				CE55821625ACC5C2008F8D9C /* NetworkManager.swift in Sources */,
				2FFD931F25F2C913001619E2 /* extraView.swift in Sources */,
				CE452FBC25A4DBE400124BD2 /* discoverView.swift in Sources */,
				CE452FB825A4DBB900124BD2 /* shopView.swift in Sources */,
				2F589C7D25EBB85500E4A4B0 /* testimiTestit.swift in Sources */,
				CE452FB525A4DAEA00124BD2 /* AppView.swift in Sources */,
			);
			runOnlyForDeploymentPostprocessing = 0;
		};
/* End PBXSourcesBuildPhase section */

/* Begin XCBuildConfiguration section */
		CE452F8325A4C97A00124BD2 /* Debug */ = {
			isa = XCBuildConfiguration;
			buildSettings = {
				ALWAYS_SEARCH_USER_PATHS = NO;
				CLANG_ANALYZER_NONNULL = YES;
				CLANG_ANALYZER_NUMBER_OBJECT_CONVERSION = YES_AGGRESSIVE;
				CLANG_CXX_LANGUAGE_STANDARD = "gnu++14";
				CLANG_CXX_LIBRARY = "libc++";
				CLANG_ENABLE_MODULES = YES;
				CLANG_ENABLE_OBJC_ARC = YES;
				CLANG_ENABLE_OBJC_WEAK = YES;
				CLANG_WARN_BLOCK_CAPTURE_AUTORELEASING = YES;
				CLANG_WARN_BOOL_CONVERSION = YES;
				CLANG_WARN_COMMA = YES;
				CLANG_WARN_CONSTANT_CONVERSION = YES;
				CLANG_WARN_DEPRECATED_OBJC_IMPLEMENTATIONS = YES;
				CLANG_WARN_DIRECT_OBJC_ISA_USAGE = YES_ERROR;
				CLANG_WARN_DOCUMENTATION_COMMENTS = YES;
				CLANG_WARN_EMPTY_BODY = YES;
				CLANG_WARN_ENUM_CONVERSION = YES;
				CLANG_WARN_INFINITE_RECURSION = YES;
				CLANG_WARN_INT_CONVERSION = YES;
				CLANG_WARN_NON_LITERAL_NULL_CONVERSION = YES;
				CLANG_WARN_OBJC_IMPLICIT_RETAIN_SELF = YES;
				CLANG_WARN_OBJC_LITERAL_CONVERSION = YES;
				CLANG_WARN_OBJC_ROOT_CLASS = YES_ERROR;
				CLANG_WARN_QUOTED_INCLUDE_IN_FRAMEWORK_HEADER = YES;
				CLANG_WARN_RANGE_LOOP_ANALYSIS = YES;
				CLANG_WARN_STRICT_PROTOTYPES = YES;
				CLANG_WARN_SUSPICIOUS_MOVE = YES;
				CLANG_WARN_UNGUARDED_AVAILABILITY = YES_AGGRESSIVE;
				CLANG_WARN_UNREACHABLE_CODE = YES;
				CLANG_WARN__DUPLICATE_METHOD_MATCH = YES;
				COPY_PHASE_STRIP = NO;
				DEBUG_INFORMATION_FORMAT = dwarf;
				ENABLE_STRICT_OBJC_MSGSEND = YES;
				ENABLE_TESTABILITY = YES;
				GCC_C_LANGUAGE_STANDARD = gnu11;
				GCC_DYNAMIC_NO_PIC = NO;
				GCC_NO_COMMON_BLOCKS = YES;
				GCC_OPTIMIZATION_LEVEL = 0;
				GCC_PREPROCESSOR_DEFINITIONS = (
					"DEBUG=1",
					"$(inherited)",
				);
				GCC_WARN_64_TO_32_BIT_CONVERSION = YES;
				GCC_WARN_ABOUT_RETURN_TYPE = YES_ERROR;
				GCC_WARN_UNDECLARED_SELECTOR = YES;
				GCC_WARN_UNINITIALIZED_AUTOS = YES_AGGRESSIVE;
				GCC_WARN_UNUSED_FUNCTION = YES;
				GCC_WARN_UNUSED_VARIABLE = YES;
				IPHONEOS_DEPLOYMENT_TARGET = 14.2;
				MTL_ENABLE_DEBUG_INFO = INCLUDE_SOURCE;
				MTL_FAST_MATH = YES;
				ONLY_ACTIVE_ARCH = YES;
				SDKROOT = iphoneos;
				SWIFT_ACTIVE_COMPILATION_CONDITIONS = DEBUG;
				SWIFT_OPTIMIZATION_LEVEL = "-Onone";
			};
			name = Debug;
		};
		CE452F8425A4C97A00124BD2 /* Release */ = {
			isa = XCBuildConfiguration;
			buildSettings = {
				ALWAYS_SEARCH_USER_PATHS = NO;
				CLANG_ANALYZER_NONNULL = YES;
				CLANG_ANALYZER_NUMBER_OBJECT_CONVERSION = YES_AGGRESSIVE;
				CLANG_CXX_LANGUAGE_STANDARD = "gnu++14";
				CLANG_CXX_LIBRARY = "libc++";
				CLANG_ENABLE_MODULES = YES;
				CLANG_ENABLE_OBJC_ARC = YES;
				CLANG_ENABLE_OBJC_WEAK = YES;
				CLANG_WARN_BLOCK_CAPTURE_AUTORELEASING = YES;
				CLANG_WARN_BOOL_CONVERSION = YES;
				CLANG_WARN_COMMA = YES;
				CLANG_WARN_CONSTANT_CONVERSION = YES;
				CLANG_WARN_DEPRECATED_OBJC_IMPLEMENTATIONS = YES;
				CLANG_WARN_DIRECT_OBJC_ISA_USAGE = YES_ERROR;
				CLANG_WARN_DOCUMENTATION_COMMENTS = YES;
				CLANG_WARN_EMPTY_BODY = YES;
				CLANG_WARN_ENUM_CONVERSION = YES;
				CLANG_WARN_INFINITE_RECURSION = YES;
				CLANG_WARN_INT_CONVERSION = YES;
				CLANG_WARN_NON_LITERAL_NULL_CONVERSION = YES;
				CLANG_WARN_OBJC_IMPLICIT_RETAIN_SELF = YES;
				CLANG_WARN_OBJC_LITERAL_CONVERSION = YES;
				CLANG_WARN_OBJC_ROOT_CLASS = YES_ERROR;
				CLANG_WARN_QUOTED_INCLUDE_IN_FRAMEWORK_HEADER = YES;
				CLANG_WARN_RANGE_LOOP_ANALYSIS = YES;
				CLANG_WARN_STRICT_PROTOTYPES = YES;
				CLANG_WARN_SUSPICIOUS_MOVE = YES;
				CLANG_WARN_UNGUARDED_AVAILABILITY = YES_AGGRESSIVE;
				CLANG_WARN_UNREACHABLE_CODE = YES;
				CLANG_WARN__DUPLICATE_METHOD_MATCH = YES;
				COPY_PHASE_STRIP = NO;
				DEBUG_INFORMATION_FORMAT = "dwarf-with-dsym";
				ENABLE_NS_ASSERTIONS = NO;
				ENABLE_STRICT_OBJC_MSGSEND = YES;
				GCC_C_LANGUAGE_STANDARD = gnu11;
				GCC_NO_COMMON_BLOCKS = YES;
				GCC_WARN_64_TO_32_BIT_CONVERSION = YES;
				GCC_WARN_ABOUT_RETURN_TYPE = YES_ERROR;
				GCC_WARN_UNDECLARED_SELECTOR = YES;
				GCC_WARN_UNINITIALIZED_AUTOS = YES_AGGRESSIVE;
				GCC_WARN_UNUSED_FUNCTION = YES;
				GCC_WARN_UNUSED_VARIABLE = YES;
				IPHONEOS_DEPLOYMENT_TARGET = 14.2;
				MTL_ENABLE_DEBUG_INFO = NO;
				MTL_FAST_MATH = YES;
				SDKROOT = iphoneos;
				SWIFT_COMPILATION_MODE = wholemodule;
				SWIFT_OPTIMIZATION_LEVEL = "-O";
				VALIDATE_PRODUCT = YES;
			};
			name = Release;
		};
		CE452F8625A4C97A00124BD2 /* Debug */ = {
			isa = XCBuildConfiguration;
			buildSettings = {
				ASSETCATALOG_COMPILER_APPICON_NAME = AppIcon;
				ASSETCATALOG_COMPILER_GLOBAL_ACCENT_COLOR_NAME = AccentColor;
				CODE_SIGN_STYLE = Automatic;
				DEVELOPMENT_ASSET_PATHS = "\"amarildoBanakieri/Preview Content\"";
				DEVELOPMENT_TEAM = 7LA653FU7X;
				ENABLE_PREVIEWS = YES;
				INFOPLIST_FILE = amarildoBanakieri/Info.plist;
				IPHONEOS_DEPLOYMENT_TARGET = 14.0;
				LD_RUNPATH_SEARCH_PATHS = (
					"$(inherited)",
					"@executable_path/Frameworks",
				);
				PRODUCT_BUNDLE_IDENTIFIER = amr.amarildoBengasiBanakieri;
				PRODUCT_NAME = "$(TARGET_NAME)";
				SWIFT_VERSION = 5.0;
				TARGETED_DEVICE_FAMILY = "1,2";
			};
			name = Debug;
		};
		CE452F8725A4C97A00124BD2 /* Release */ = {
			isa = XCBuildConfiguration;
			buildSettings = {
				ASSETCATALOG_COMPILER_APPICON_NAME = AppIcon;
				ASSETCATALOG_COMPILER_GLOBAL_ACCENT_COLOR_NAME = AccentColor;
				CODE_SIGN_STYLE = Automatic;
				DEVELOPMENT_ASSET_PATHS = "\"amarildoBanakieri/Preview Content\"";
				DEVELOPMENT_TEAM = 7LA653FU7X;
				ENABLE_PREVIEWS = YES;
				INFOPLIST_FILE = amarildoBanakieri/Info.plist;
				IPHONEOS_DEPLOYMENT_TARGET = 14.0;
				LD_RUNPATH_SEARCH_PATHS = (
					"$(inherited)",
					"@executable_path/Frameworks",
				);
				PRODUCT_BUNDLE_IDENTIFIER = amr.amarildoBengasiBanakieri;
				PRODUCT_NAME = "$(TARGET_NAME)";
				SWIFT_VERSION = 5.0;
				TARGETED_DEVICE_FAMILY = "1,2";
			};
			name = Release;
		};
/* End XCBuildConfiguration section */

/* Begin XCConfigurationList section */
		CE452F7125A4C97700124BD2 /* Build configuration list for PBXProject "amarildoBanakieri" */ = {
			isa = XCConfigurationList;
			buildConfigurations = (
				CE452F8325A4C97A00124BD2 /* Debug */,
				CE452F8425A4C97A00124BD2 /* Release */,
			);
			defaultConfigurationIsVisible = 0;
			defaultConfigurationName = Release;
		};
		CE452F8525A4C97A00124BD2 /* Build configuration list for PBXNativeTarget "amarildoBanakieri" */ = {
			isa = XCConfigurationList;
			buildConfigurations = (
				CE452F8625A4C97A00124BD2 /* Debug */,
				CE452F8725A4C97A00124BD2 /* Release */,
			);
			defaultConfigurationIsVisible = 0;
			defaultConfigurationName = Release;
		};
/* End XCConfigurationList section */

/* Begin XCRemoteSwiftPackageReference section */
		2FD7C57626054AF500634FF4 /* XCRemoteSwiftPackageReference "realm-cocoa" */ = {
			isa = XCRemoteSwiftPackageReference;
			repositoryURL = "https://github.com/realm/realm-cocoa.git";
			requirement = {
				kind = upToNextMajorVersion;
				minimumVersion = 10.7.2;
			};
		};
		927BA01C25D53A4300787649 /* XCRemoteSwiftPackageReference "Kingfisher" */ = {
			isa = XCRemoteSwiftPackageReference;
			repositoryURL = "https://github.com/onevcat/Kingfisher.git";
			requirement = {
				kind = upToNextMajorVersion;
				minimumVersion = 6.1.0;
			};
		};
		CE55821125ACBD48008F8D9C /* XCRemoteSwiftPackageReference "Alamofire" */ = {
			isa = XCRemoteSwiftPackageReference;
			repositoryURL = "https://github.com/Alamofire/Alamofire.git";
			requirement = {
				kind = upToNextMajorVersion;
				minimumVersion = 5.4.1;
			};
		};
/* End XCRemoteSwiftPackageReference section */

/* Begin XCSwiftPackageProductDependency section */
		2FD7C57726054AF500634FF4 /* Realm */ = {
			isa = XCSwiftPackageProductDependency;
			package = 2FD7C57626054AF500634FF4 /* XCRemoteSwiftPackageReference "realm-cocoa" */;
			productName = Realm;
		};
		2FD7C57926054AF500634FF4 /* RealmSwift */ = {
			isa = XCSwiftPackageProductDependency;
			package = 2FD7C57626054AF500634FF4 /* XCRemoteSwiftPackageReference "realm-cocoa" */;
			productName = RealmSwift;
		};
		927BA01D25D53A4300787649 /* Kingfisher */ = {
			isa = XCSwiftPackageProductDependency;
			package = 927BA01C25D53A4300787649 /* XCRemoteSwiftPackageReference "Kingfisher" */;
			productName = Kingfisher;
		};
/* End XCSwiftPackageProductDependency section */
	};
	rootObject = CE452F6E25A4C97700124BD2 /* Project object */;
}
